
Microsoft Visual Studio Solution File, Format Version 12.00
# Visual Studio Version 16
VisualStudioVersion = 16.0.29318.209
MinimumVisualStudioVersion = 10.0.40219.1
Project("{9092AA53-FB77-4645-B42D-1CCCA6BD08BD}") = "angular", "angular\angular.njsproj", "{06B73A79-A0C8-410A-B762-56BC49CD6AD1}"
EndProject
Global
	GlobalSection(SolutionConfigurationPlatforms) = preSolution
		Debug|Any CPU = Debug|Any CPU
		Release|Any CPU = Release|Any CPU
	EndGlobalSection
	GlobalSection(ProjectConfigurationPlatforms) = postSolution
		{06B73A79-A0C8-410A-B762-56BC49CD6AD1}.Debug|Any CPU.ActiveCfg = Debug|Any CPU
		{06B73A79-A0C8-410A-B762-56BC49CD6AD1}.Debug|Any CPU.Build.0 = Debug|Any CPU
		{06B73A79-A0C8-410A-B762-56BC49CD6AD1}.Release|Any CPU.ActiveCfg = Release|Any CPU
		{06B73A79-A0C8-410A-B762-56BC49CD6AD1}.Release|Any CPU.Build.0 = Release|Any CPU
	EndGlobalSection
	GlobalSection(SolutionProperties) = preSolution
		HideSolutionNode = FALSE
	EndGlobalSection
	GlobalSection(ExtensibilityGlobals) = postSolution
		SolutionGuid = {A7C58322-093F-445F-AD02-1B3FD435A8C6}
	EndGlobalSection
EndGlobal
